
Microsoft Visual Studio Solution File, Format Version 12.00
# Visual Studio Version 16
VisualStudioVersion = 16.0.30907.101
MinimumVisualStudioVersion = 10.0.40219.1
Project("{FAE04EC0-301F-11D3-BF4B-00C04F79EFBC}") = "VPLab3", "VPLab3\VPLab3.csproj", "{68A02D7F-DD52-483F-AEB6-C183BA7720AD}"
EndProject
Global
	GlobalSection(SolutionConfigurationPlatforms) = preSolution
		Debug|Any CPU = Debug|Any CPU
		Release|Any CPU = Release|Any CPU
	EndGlobalSection
	GlobalSection(ProjectConfigurationPlatforms) = postSolution
		{68A02D7F-DD52-483F-AEB6-C183BA7720AD}.Debug|Any CPU.ActiveCfg = Debug|Any CPU
		{68A02D7F-DD52-483F-AEB6-C183BA7720AD}.Debug|Any CPU.Build.0 = Debug|Any CPU
		{68A02D7F-DD52-483F-AEB6-C183BA7720AD}.Release|Any CPU.ActiveCfg = Release|Any CPU
		{68A02D7F-DD52-483F-AEB6-C183BA7720AD}.Release|Any CPU.Build.0 = Release|Any CPU
	EndGlobalSection
	GlobalSection(SolutionProperties) = preSolution
		HideSolutionNode = FALSE
	EndGlobalSection
	GlobalSection(ExtensibilityGlobals) = postSolution
		SolutionGuid = {CC0D8873-CEE3-41B2-A58D-7DD9E5B21FBD}
	EndGlobalSection
EndGlobal
